
Microsoft Visual Studio Solution File, Format Version 12.00
Project("{FAE04EC0-301F-11D3-BF4B-00C04F79EFBC}") = "Vinsj", "Vinsj\Vinsj.csproj", "{26A567E2-8508-47A2-A8D1-1BF21EA8CECE}"
EndProject
Project("{2150E333-8FDC-42A3-9474-1A3956D46DE8}") = "Solution Items", "Solution Items", "{5344E95E-976F-41F1-851C-3B0A071E9DFC}"
	ProjectSection(SolutionItems) = preProject
		docker-compose.yml = docker-compose.yml
	EndProjectSection
EndProject
Global
	GlobalSection(SolutionConfigurationPlatforms) = preSolution
		Debug|Any CPU = Debug|Any CPU
		Release|Any CPU = Release|Any CPU
	EndGlobalSection
	GlobalSection(ProjectConfigurationPlatforms) = postSolution
		{26A567E2-8508-47A2-A8D1-1BF21EA8CECE}.Debug|Any CPU.ActiveCfg = Debug|Any CPU
		{26A567E2-8508-47A2-A8D1-1BF21EA8CECE}.Debug|Any CPU.Build.0 = Debug|Any CPU
		{26A567E2-8508-47A2-A8D1-1BF21EA8CECE}.Release|Any CPU.ActiveCfg = Release|Any CPU
		{26A567E2-8508-47A2-A8D1-1BF21EA8CECE}.Release|Any CPU.Build.0 = Release|Any CPU
	EndGlobalSection
EndGlobal
